{
    "version": 3,
    "terraform_version": "0.10.0",
    "serial": 7,
    "lineage": "2fe18cdc-6a54-4359-99ff-224cc74b90d6",
    "modules": [
        {
            "path": [
                "root"
            ],
            "outputs": {},
            "resources": {
                "google_compute_instance.instance-1-a-1": {
                    "type": "google_compute_instance",
                    "depends_on": [
                        "google_compute_subnetwork.subnet-1-a"
                    ],
                    "primary": {
                        "id": "instance-1-a-1-lab1",
                        "attributes": {
                            "attached_disk.#": "0",
                            "boot_disk.#": "1",
                            "boot_disk.0.auto_delete": "true",
                            "boot_disk.0.device_name": "persistent-disk-0",
                            "boot_disk.0.disk_encryption_key_raw": "",
                            "boot_disk.0.disk_encryption_key_sha256": "",
                            "boot_disk.0.initialize_params.#": "1",
                            "boot_disk.0.initialize_params.0.image": "centos-cloud/centos-7",
                            "boot_disk.0.initialize_params.0.size": "0",
                            "boot_disk.0.initialize_params.0.type": "",
                            "boot_disk.0.source": "instance-1-a-1-lab1",
                            "can_ip_forward": "false",
                            "create_timeout": "4",
                            "disk.#": "0",
                            "id": "instance-1-a-1-lab1",
                            "label_fingerprint": "42WmSpB8rSM=",
                            "machine_type": "f1-micro",
                            "metadata.%": "0",
                            "metadata_fingerprint": "SdJhuJZxtek=",
                            "name": "instance-1-a-1-lab1",
                            "network.#": "0",
                            "network_interface.#": "1",
                            "network_interface.0.access_config.#": "0",
                            "network_interface.0.address": "10.0.1.2",
                            "network_interface.0.name": "nic0",
                            "network_interface.0.network": "",
                            "network_interface.0.subnetwork": "subnet-1-a-lab1",
                            "network_interface.0.subnetwork_project": "",
                            "scratch_disk.#": "0",
                            "self_link": "https://www.googleapis.com/compute/v1/projects/silent-concept-170705/zones/europe-west1-b/instances/instance-1-a-1-lab1",
                            "service_account.#": "0",
                            "tags.#": "1",
                            "tags.2058246056": "instance-1-a-1",
                            "tags_fingerprint": "kE1Aa3akdyM=",
                            "zone": "europe-west1-b"
                        },
                        "meta": {
                            "schema_version": "2"
                        },
                        "tainted": false
                    },
                    "deposed": [],
                    "provider": ""
                },
                "google_compute_instance.instance-1-b-1": {
                    "type": "google_compute_instance",
                    "depends_on": [
                        "google_compute_subnetwork.subnet-1-b"
                    ],
                    "primary": {
                        "id": "instance-1-b-1-lab1",
                        "attributes": {
                            "attached_disk.#": "0",
                            "boot_disk.#": "1",
                            "boot_disk.0.auto_delete": "true",
                            "boot_disk.0.device_name": "persistent-disk-0",
                            "boot_disk.0.disk_encryption_key_raw": "",
                            "boot_disk.0.disk_encryption_key_sha256": "",
                            "boot_disk.0.initialize_params.#": "1",
                            "boot_disk.0.initialize_params.0.image": "centos-cloud/centos-7",
                            "boot_disk.0.initialize_params.0.size": "0",
                            "boot_disk.0.initialize_params.0.type": "",
                            "boot_disk.0.source": "instance-1-b-1-lab1",
                            "can_ip_forward": "false",
                            "create_timeout": "4",
                            "disk.#": "0",
                            "id": "instance-1-b-1-lab1",
                            "label_fingerprint": "42WmSpB8rSM=",
                            "machine_type": "f1-micro",
                            "metadata.%": "0",
                            "metadata_fingerprint": "SdJhuJZxtek=",
                            "name": "instance-1-b-1-lab1",
                            "network.#": "0",
                            "network_interface.#": "1",
                            "network_interface.0.access_config.#": "0",
                            "network_interface.0.address": "10.0.2.2",
                            "network_interface.0.name": "nic0",
                            "network_interface.0.network": "",
                            "network_interface.0.subnetwork": "subnet-1-b-lab1",
                            "network_interface.0.subnetwork_project": "",
                            "scratch_disk.#": "0",
                            "self_link": "https://www.googleapis.com/compute/v1/projects/silent-concept-170705/zones/europe-west1-b/instances/instance-1-b-1-lab1",
                            "service_account.#": "0",
                            "tags.#": "1",
                            "tags.2028530161": "instance-1-b-1",
                            "tags_fingerprint": "QSmadeCw7tc=",
                            "zone": "europe-west1-b"
                        },
                        "meta": {
                            "schema_version": "2"
                        },
                        "tainted": false
                    },
                    "deposed": [],
                    "provider": ""
                },
                "google_compute_network.network-1": {
                    "type": "google_compute_network",
                    "depends_on": [],
                    "primary": {
                        "id": "network-1-lab1",
                        "attributes": {
                            "auto_create_subnetworks": "false",
                            "gateway_ipv4": "",
                            "id": "network-1-lab1",
                            "ipv4_range": "",
                            "name": "network-1-lab1",
                            "self_link": "https://www.googleapis.com/compute/v1/projects/silent-concept-170705/global/networks/network-1-lab1"
                        },
                        "meta": {},
                        "tainted": false
                    },
                    "deposed": [],
                    "provider": ""
                },
                "google_compute_subnetwork.subnet-1-a": {
                    "type": "google_compute_subnetwork",
                    "depends_on": [
                        "google_compute_network.network-1"
                    ],
                    "primary": {
                        "id": "europe-west1/subnet-1-a-lab1",
                        "attributes": {
                            "gateway_address": "10.0.1.1",
                            "id": "europe-west1/subnet-1-a-lab1",
                            "ip_cidr_range": "10.0.1.0/24",
                            "name": "subnet-1-a-lab1",
                            "network": "network-1-lab1",
                            "region": "europe-west1",
                            "self_link": "https://www.googleapis.com/compute/v1/projects/silent-concept-170705/regions/europe-west1/subnetworks/subnet-1-a-lab1"
                        },
                        "meta": {},
                        "tainted": false
                    },
                    "deposed": [],
                    "provider": ""
                },
                "google_compute_subnetwork.subnet-1-b": {
                    "type": "google_compute_subnetwork",
                    "depends_on": [
                        "google_compute_network.network-1"
                    ],
                    "primary": {
                        "id": "europe-west1/subnet-1-b-lab1",
                        "attributes": {
                            "gateway_address": "10.0.2.1",
                            "id": "europe-west1/subnet-1-b-lab1",
                            "ip_cidr_range": "10.0.2.0/24",
                            "name": "subnet-1-b-lab1",
                            "network": "network-1-lab1",
                            "region": "europe-west1",
                            "self_link": "https://www.googleapis.com/compute/v1/projects/silent-concept-170705/regions/europe-west1/subnetworks/subnet-1-b-lab1"
                        },
                        "meta": {},
                        "tainted": false
                    },
                    "deposed": [],
                    "provider": ""
                }
            },
            "depends_on": []
        }
    ]
}
